
Microsoft Visual Studio Solution File, Format Version 12.00
# Visual Studio Version 16
VisualStudioVersion = 16.0.33130.400
MinimumVisualStudioVersion = 10.0.40219.1
Project("{888888A0-9F3D-457C-B088-3A5042F75D52}") = "You Want Us To Know .html", "You Want Us To Know .html.pyproj", "{725DC391-7AA7-4A78-B046-48D24852B15D}"
EndProject
Global
	GlobalSection(SolutionConfigurationPlatforms) = preSolution
		Debug|Any CPU = Debug|Any CPU
		Release|Any CPU = Release|Any CPU
	EndGlobalSection
	GlobalSection(ProjectConfigurationPlatforms) = postSolution
		{725DC391-7AA7-4A78-B046-48D24852B15D}.Debug|Any CPU.ActiveCfg = Debug|Any CPU
		{725DC391-7AA7-4A78-B046-48D24852B15D}.Debug|Any CPU.Build.0 = Debug|Any CPU
		{725DC391-7AA7-4A78-B046-48D24852B15D}.Release|Any CPU.ActiveCfg = Release|Any CPU
		{725DC391-7AA7-4A78-B046-48D24852B15D}.Release|Any CPU.Build.0 = Release|Any CPU
	EndGlobalSection
	GlobalSection(SolutionProperties) = preSolution
		HideSolutionNode = FALSE
	EndGlobalSection
	GlobalSection(ExtensibilityGlobals) = postSolution
		SolutionGuid = {58A9466C-1361-41BF-9EB3-080BD3CF4841}
	EndGlobalSection
EndGlobal
